
Microsoft Visual Studio Solution File, Format Version 12.00
# Visual Studio 15
VisualStudioVersion = 15.0.27703.2026
MinimumVisualStudioVersion = 10.0.40219.1
Project("{FAE04EC0-301F-11D3-BF4B-00C04F79EFBC}") = "LocalisationValidator", "LocalisationValidator\LocalisationValidator.csproj", "{7170D891-E623-451E-9D85-2BA7BC3DC526}"
EndProject
Project("{FAE04EC0-301F-11D3-BF4B-00C04F79EFBC}") = "SK2_Translator", "SK2_Translator\SK2_Translator.csproj", "{356ADD69-F6A6-49FE-879B-7A10D7AFF2D4}"
EndProject
Project("{D954291E-2A0B-460D-934E-DC6B0785DB48}") = "Share", "Share\Share.shproj", "{3A0ABC3C-46FF-4677-9CD8-34232D8F1BEA}"
EndProject
Global
	GlobalSection(SharedMSBuildProjectFiles) = preSolution
		Share\Share.projitems*{356add69-f6a6-49fe-879b-7a10d7aff2d4}*SharedItemsImports = 4
		Share\Share.projitems*{3a0abc3c-46ff-4677-9cd8-34232d8f1bea}*SharedItemsImports = 13
		Share\Share.projitems*{7170d891-e623-451e-9d85-2ba7bc3dc526}*SharedItemsImports = 4
	EndGlobalSection
	GlobalSection(SolutionConfigurationPlatforms) = preSolution
		Debug|Any CPU = Debug|Any CPU
		Release|Any CPU = Release|Any CPU
	EndGlobalSection
	GlobalSection(ProjectConfigurationPlatforms) = postSolution
		{7170D891-E623-451E-9D85-2BA7BC3DC526}.Debug|Any CPU.ActiveCfg = Debug|Any CPU
		{7170D891-E623-451E-9D85-2BA7BC3DC526}.Debug|Any CPU.Build.0 = Debug|Any CPU
		{7170D891-E623-451E-9D85-2BA7BC3DC526}.Release|Any CPU.ActiveCfg = Release|Any CPU
		{7170D891-E623-451E-9D85-2BA7BC3DC526}.Release|Any CPU.Build.0 = Release|Any CPU
		{356ADD69-F6A6-49FE-879B-7A10D7AFF2D4}.Debug|Any CPU.ActiveCfg = Debug|Any CPU
		{356ADD69-F6A6-49FE-879B-7A10D7AFF2D4}.Debug|Any CPU.Build.0 = Debug|Any CPU
		{356ADD69-F6A6-49FE-879B-7A10D7AFF2D4}.Release|Any CPU.ActiveCfg = Release|Any CPU
		{356ADD69-F6A6-49FE-879B-7A10D7AFF2D4}.Release|Any CPU.Build.0 = Release|Any CPU
	EndGlobalSection
	GlobalSection(SolutionProperties) = preSolution
		HideSolutionNode = FALSE
	EndGlobalSection
	GlobalSection(ExtensibilityGlobals) = postSolution
		SolutionGuid = {0F02D4DF-FEB3-4341-B2BF-3DBC557BD9B9}
	EndGlobalSection
EndGlobal
